// !$*UTF8*$!
{
	archiveVersion = 1;
	classes = {
	};
	objectVersion = 46;
	objects = {

/* Begin PBXBuildFile section */
		531759861742EAAF00C9EFD7 /* pair.png in Resources */ = {isa = PBXBuildFile; fileRef = 531759801742EAAF00C9EFD7 /* pair.png */; };
		531759871742EAAF00C9EFD7 /* pair@2x.png in Resources */ = {isa = PBXBuildFile; fileRef = 531759811742EAAF00C9EFD7 /* pair@2x.png */; };
		5317598E1742EDFF00C9EFD7 /* pentagon.png in Resources */ = {isa = PBXBuildFile; fileRef = 5317598C1742EDFF00C9EFD7 /* pentagon.png */; };
		5317598F1742EDFF00C9EFD7 /* pentagon@2x.png in Resources */ = {isa = PBXBuildFile; fileRef = 5317598D1742EDFF00C9EFD7 /* pentagon@2x.png */; };
		531759921742EFA500C9EFD7 /* unpair.png in Resources */ = {isa = PBXBuildFile; fileRef = 531759901742EFA500C9EFD7 /* unpair.png */; };
		531759931742EFA500C9EFD7 /* unpair@2x.png in Resources */ = {isa = PBXBuildFile; fileRef = 531759911742EFA500C9EFD7 /* unpair@2x.png */; };
		531759961742F01800C9EFD7 /* cancel-pairing.png in Resources */ = {isa = PBXBuildFile; fileRef = 531759941742F01800C9EFD7 /* cancel-pairing.png */; };
		531759971742F01800C9EFD7 /* cancel-pairing@2x.png in Resources */ = {isa = PBXBuildFile; fileRef = 531759951742F01800C9EFD7 /* cancel-pairing@2x.png */; };
		5317599F1742F27C00C9EFD7 /* Icon.png in Resources */ = {isa = PBXBuildFile; fileRef = 5317599B1742F27C00C9EFD7 /* Icon.png */; };
		531759A01742F27C00C9EFD7 /* Icon@2x.png in Resources */ = {isa = PBXBuildFile; fileRef = 5317599C1742F27C00C9EFD7 /* Icon@2x.png */; };
		53FB6A9517416AD5008B6C3E /* UIKit.framework in Frameworks */ = {isa = PBXBuildFile; fileRef = 53FB6A9417416AD5008B6C3E /* UIKit.framework */; };
		53FB6A9717416AD5008B6C3E /* Foundation.framework in Frameworks */ = {isa = PBXBuildFile; fileRef = 53FB6A9617416AD5008B6C3E /* Foundation.framework */; };
		53FB6A9917416AD5008B6C3E /* CoreGraphics.framework in Frameworks */ = {isa = PBXBuildFile; fileRef = 53FB6A9817416AD5008B6C3E /* CoreGraphics.framework */; };
		53FB6A9F17416AD5008B6C3E /* InfoPlist.strings in Resources */ = {isa = PBXBuildFile; fileRef = 53FB6A9D17416AD5008B6C3E /* InfoPlist.strings */; };
		53FB6AA117416AD5008B6C3E /* main.m in Sources */ = {isa = PBXBuildFile; fileRef = 53FB6AA017416AD5008B6C3E /* main.m */; };
		53FB6AA517416AD5008B6C3E /* TransmitterAppDelegate.m in Sources */ = {isa = PBXBuildFile; fileRef = 53FB6AA417416AD5008B6C3E /* TransmitterAppDelegate.m */; };
		53FB6AA717416AD5008B6C3E /* Default.png in Resources */ = {isa = PBXBuildFile; fileRef = 53FB6AA617416AD5008B6C3E /* Default.png */; };
		53FB6AA917416AD5008B6C3E /* Default@2x.png in Resources */ = {isa = PBXBuildFile; fileRef = 53FB6AA817416AD5008B6C3E /* Default@2x.png */; };
		53FB6AAB17416AD5008B6C3E /* Default-568h@2x.png in Resources */ = {isa = PBXBuildFile; fileRef = 53FB6AAA17416AD5008B6C3E /* Default-568h@2x.png */; };
		53FB6AAE17416AD5008B6C3E /* MainStoryboard.storyboard in Resources */ = {isa = PBXBuildFile; fileRef = 53FB6AAC17416AD5008B6C3E /* MainStoryboard.storyboard */; };
		53FB6AB117416AD5008B6C3E /* TransmitterViewController.m in Sources */ = {isa = PBXBuildFile; fileRef = 53FB6AB017416AD5008B6C3E /* TransmitterViewController.m */; };
		53FB6AB817416C74008B6C3E /* CoreMotion.framework in Frameworks */ = {isa = PBXBuildFile; fileRef = 53FB6AB717416C74008B6C3E /* CoreMotion.framework */; };
		5760D8CFCEBA47069275CB67 /* libPods.a in Frameworks */ = {isa = PBXBuildFile; fileRef = 3F25B8341054428082C19047 /* libPods.a */; };
/* End PBXBuildFile section */

/* Begin PBXFileReference section */
		39256156075A4872B2AF6AAC /* Pods.xcconfig */ = {isa = PBXFileReference; includeInIndex = 1; lastKnownFileType = text.xcconfig; name = Pods.xcconfig; path = Pods/Pods.xcconfig; sourceTree = SOURCE_ROOT; };
		3F25B8341054428082C19047 /* libPods.a */ = {isa = PBXFileReference; explicitFileType = archive.ar; includeInIndex = 0; path = libPods.a; sourceTree = BUILT_PRODUCTS_DIR; };
		531759801742EAAF00C9EFD7 /* pair.png */ = {isa = PBXFileReference; lastKnownFileType = image.png; path = pair.png; sourceTree = "<group>"; };
		531759811742EAAF00C9EFD7 /* pair@2x.png */ = {isa = PBXFileReference; lastKnownFileType = image.png; path = "pair@2x.png"; sourceTree = "<group>"; };
		5317598C1742EDFF00C9EFD7 /* pentagon.png */ = {isa = PBXFileReference; lastKnownFileType = image.png; path = pentagon.png; sourceTree = "<group>"; };
		5317598D1742EDFF00C9EFD7 /* pentagon@2x.png */ = {isa = PBXFileReference; lastKnownFileType = image.png; path = "pentagon@2x.png"; sourceTree = "<group>"; };
		531759901742EFA500C9EFD7 /* unpair.png */ = {isa = PBXFileReference; lastKnownFileType = image.png; path = unpair.png; sourceTree = "<group>"; };
		531759911742EFA500C9EFD7 /* unpair@2x.png */ = {isa = PBXFileReference; lastKnownFileType = image.png; path = "unpair@2x.png"; sourceTree = "<group>"; };
		531759941742F01800C9EFD7 /* cancel-pairing.png */ = {isa = PBXFileReference; lastKnownFileType = image.png; path = "cancel-pairing.png"; sourceTree = "<group>"; };
		531759951742F01800C9EFD7 /* cancel-pairing@2x.png */ = {isa = PBXFileReference; lastKnownFileType = image.png; path = "cancel-pairing@2x.png"; sourceTree = "<group>"; };
		5317599B1742F27C00C9EFD7 /* Icon.png */ = {isa = PBXFileReference; lastKnownFileType = image.png; path = Icon.png; sourceTree = "<group>"; };
		5317599C1742F27C00C9EFD7 /* Icon@2x.png */ = {isa = PBXFileReference; lastKnownFileType = image.png; path = "Icon@2x.png"; sourceTree = "<group>"; };
		53FB6A9117416AD5008B6C3E /* transmitter.app */ = {isa = PBXFileReference; explicitFileType = wrapper.application; includeInIndex = 0; path = transmitter.app; sourceTree = BUILT_PRODUCTS_DIR; };
		53FB6A9417416AD5008B6C3E /* UIKit.framework */ = {isa = PBXFileReference; lastKnownFileType = wrapper.framework; name = UIKit.framework; path = System/Library/Frameworks/UIKit.framework; sourceTree = SDKROOT; };
		53FB6A9617416AD5008B6C3E /* Foundation.framework */ = {isa = PBXFileReference; lastKnownFileType = wrapper.framework; name = Foundation.framework; path = System/Library/Frameworks/Foundation.framework; sourceTree = SDKROOT; };
		53FB6A9817416AD5008B6C3E /* CoreGraphics.framework */ = {isa = PBXFileReference; lastKnownFileType = wrapper.framework; name = CoreGraphics.framework; path = System/Library/Frameworks/CoreGraphics.framework; sourceTree = SDKROOT; };
		53FB6A9C17416AD5008B6C3E /* transmitter-Info.plist */ = {isa = PBXFileReference; lastKnownFileType = text.plist.xml; path = "transmitter-Info.plist"; sourceTree = "<group>"; };
		53FB6A9E17416AD5008B6C3E /* en */ = {isa = PBXFileReference; lastKnownFileType = text.plist.strings; name = en; path = en.lproj/InfoPlist.strings; sourceTree = "<group>"; };
		53FB6AA017416AD5008B6C3E /* main.m */ = {isa = PBXFileReference; lastKnownFileType = sourcecode.c.objc; path = main.m; sourceTree = "<group>"; };
		53FB6AA217416AD5008B6C3E /* transmitter-Prefix.pch */ = {isa = PBXFileReference; lastKnownFileType = sourcecode.c.h; path = "transmitter-Prefix.pch"; sourceTree = "<group>"; };
		53FB6AA317416AD5008B6C3E /* TransmitterAppDelegate.h */ = {isa = PBXFileReference; lastKnownFileType = sourcecode.c.h; path = TransmitterAppDelegate.h; sourceTree = "<group>"; };
		53FB6AA417416AD5008B6C3E /* TransmitterAppDelegate.m */ = {isa = PBXFileReference; lastKnownFileType = sourcecode.c.objc; path = TransmitterAppDelegate.m; sourceTree = "<group>"; };
		53FB6AA617416AD5008B6C3E /* Default.png */ = {isa = PBXFileReference; lastKnownFileType = image.png; path = Default.png; sourceTree = "<group>"; };
		53FB6AA817416AD5008B6C3E /* Default@2x.png */ = {isa = PBXFileReference; lastKnownFileType = image.png; path = "Default@2x.png"; sourceTree = "<group>"; };
		53FB6AAA17416AD5008B6C3E /* Default-568h@2x.png */ = {isa = PBXFileReference; lastKnownFileType = image.png; path = "Default-568h@2x.png"; sourceTree = "<group>"; };
		53FB6AAD17416AD5008B6C3E /* en */ = {isa = PBXFileReference; lastKnownFileType = file.storyboard; name = en; path = en.lproj/MainStoryboard.storyboard; sourceTree = "<group>"; };
		53FB6AAF17416AD5008B6C3E /* TransmitterViewController.h */ = {isa = PBXFileReference; lastKnownFileType = sourcecode.c.h; path = TransmitterViewController.h; sourceTree = "<group>"; };
		53FB6AB017416AD5008B6C3E /* TransmitterViewController.m */ = {isa = PBXFileReference; lastKnownFileType = sourcecode.c.objc; path = TransmitterViewController.m; sourceTree = "<group>"; };
		53FB6AB717416C74008B6C3E /* CoreMotion.framework */ = {isa = PBXFileReference; lastKnownFileType = wrapper.framework; name = CoreMotion.framework; path = System/Library/Frameworks/CoreMotion.framework; sourceTree = SDKROOT; };
		53FB6AB917417055008B6C3E /* CoreFoundation.framework */ = {isa = PBXFileReference; lastKnownFileType = wrapper.framework; name = CoreFoundation.framework; path = System/Library/Frameworks/CoreFoundation.framework; sourceTree = SDKROOT; };
		53FB6ABB1741718B008B6C3E /* CFNetwork.framework */ = {isa = PBXFileReference; lastKnownFileType = wrapper.framework; name = CFNetwork.framework; path = System/Library/Frameworks/CFNetwork.framework; sourceTree = SDKROOT; };
/* End PBXFileReference section */

/* Begin PBXFrameworksBuildPhase section */
		53FB6A8E17416AD5008B6C3E /* Frameworks */ = {
			isa = PBXFrameworksBuildPhase;
			buildActionMask = 2147483647;
			files = (
				53FB6AB817416C74008B6C3E /* CoreMotion.framework in Frameworks */,
				53FB6A9517416AD5008B6C3E /* UIKit.framework in Frameworks */,
				53FB6A9717416AD5008B6C3E /* Foundation.framework in Frameworks */,
				53FB6A9917416AD5008B6C3E /* CoreGraphics.framework in Frameworks */,
				5760D8CFCEBA47069275CB67 /* libPods.a in Frameworks */,
			);
			runOnlyForDeploymentPostprocessing = 0;
		};
/* End PBXFrameworksBuildPhase section */

/* Begin PBXGroup section */
		5317597F1742EAAF00C9EFD7 /* images */ = {
			isa = PBXGroup;
			children = (
				531759941742F01800C9EFD7 /* cancel-pairing.png */,
				531759951742F01800C9EFD7 /* cancel-pairing@2x.png */,
				531759901742EFA500C9EFD7 /* unpair.png */,
				531759911742EFA500C9EFD7 /* unpair@2x.png */,
				5317598C1742EDFF00C9EFD7 /* pentagon.png */,
				5317598D1742EDFF00C9EFD7 /* pentagon@2x.png */,
				531759801742EAAF00C9EFD7 /* pair.png */,
				531759811742EAAF00C9EFD7 /* pair@2x.png */,
			);
			path = images;
			sourceTree = "<group>";
		};
		531759981742F27C00C9EFD7 /* icon */ = {
			isa = PBXGroup;
			children = (
				5317599B1742F27C00C9EFD7 /* Icon.png */,
				5317599C1742F27C00C9EFD7 /* Icon@2x.png */,
			);
			path = icon;
			sourceTree = "<group>";
		};
		53FB6A8817416AD5008B6C3E = {
			isa = PBXGroup;
			children = (
				53FB6ABB1741718B008B6C3E /* CFNetwork.framework */,
				53FB6AB917417055008B6C3E /* CoreFoundation.framework */,
				53FB6AB717416C74008B6C3E /* CoreMotion.framework */,
				53FB6A9A17416AD5008B6C3E /* transmitter */,
				53FB6A9317416AD5008B6C3E /* Frameworks */,
				53FB6A9217416AD5008B6C3E /* Products */,
				39256156075A4872B2AF6AAC /* Pods.xcconfig */,
			);
			sourceTree = "<group>";
		};
		53FB6A9217416AD5008B6C3E /* Products */ = {
			isa = PBXGroup;
			children = (
				53FB6A9117416AD5008B6C3E /* transmitter.app */,
			);
			name = Products;
			sourceTree = "<group>";
		};
		53FB6A9317416AD5008B6C3E /* Frameworks */ = {
			isa = PBXGroup;
			children = (
				53FB6A9417416AD5008B6C3E /* UIKit.framework */,
				53FB6A9617416AD5008B6C3E /* Foundation.framework */,
				53FB6A9817416AD5008B6C3E /* CoreGraphics.framework */,
				3F25B8341054428082C19047 /* libPods.a */,
			);
			name = Frameworks;
			sourceTree = "<group>";
		};
		53FB6A9A17416AD5008B6C3E /* transmitter */ = {
			isa = PBXGroup;
			children = (
				531759981742F27C00C9EFD7 /* icon */,
				5317597F1742EAAF00C9EFD7 /* images */,
				53FB6AAC17416AD5008B6C3E /* MainStoryboard.storyboard */,
				53FB6A9B17416AD5008B6C3E /* Supporting Files */,
				53FB6AA317416AD5008B6C3E /* TransmitterAppDelegate.h */,
				53FB6AA417416AD5008B6C3E /* TransmitterAppDelegate.m */,
				53FB6AAF17416AD5008B6C3E /* TransmitterViewController.h */,
				53FB6AB017416AD5008B6C3E /* TransmitterViewController.m */,
			);
			path = transmitter;
			sourceTree = "<group>";
		};
		53FB6A9B17416AD5008B6C3E /* Supporting Files */ = {
			isa = PBXGroup;
			children = (
				53FB6A9C17416AD5008B6C3E /* transmitter-Info.plist */,
				53FB6A9D17416AD5008B6C3E /* InfoPlist.strings */,
				53FB6AA017416AD5008B6C3E /* main.m */,
				53FB6AA217416AD5008B6C3E /* transmitter-Prefix.pch */,
				53FB6AA617416AD5008B6C3E /* Default.png */,
				53FB6AA817416AD5008B6C3E /* Default@2x.png */,
				53FB6AAA17416AD5008B6C3E /* Default-568h@2x.png */,
			);
			name = "Supporting Files";
			sourceTree = "<group>";
		};
/* End PBXGroup section */

/* Begin PBXNativeTarget section */
		53FB6A9017416AD5008B6C3E /* transmitter */ = {
			isa = PBXNativeTarget;
			buildConfigurationList = 53FB6AB417416AD5008B6C3E /* Build configuration list for PBXNativeTarget "transmitter" */;
			buildPhases = (
				0DB02C71F91E4AB8AE331A48 /* Check Pods Manifest.lock */,
				53FB6A8D17416AD5008B6C3E /* Sources */,
				53FB6A8E17416AD5008B6C3E /* Frameworks */,
				53FB6A8F17416AD5008B6C3E /* Resources */,
				97EA79CE416C4ED88AE0ED94 /* Copy Pods Resources */,
			);
			buildRules = (
			);
			dependencies = (
			);
			name = transmitter;
			productName = transmitter;
			productReference = 53FB6A9117416AD5008B6C3E /* transmitter.app */;
			productType = "com.apple.product-type.application";
		};
/* End PBXNativeTarget section */

/* Begin PBXProject section */
		53FB6A8917416AD5008B6C3E /* Project object */ = {
			isa = PBXProject;
			attributes = {
				CLASSPREFIX = Transmitter;
				LastUpgradeCheck = 0460;
				ORGANIZATIONNAME = "High Fidelity, Inc.";
			};
			buildConfigurationList = 53FB6A8C17416AD5008B6C3E /* Build configuration list for PBXProject "transmitter" */;
			compatibilityVersion = "Xcode 3.2";
			developmentRegion = English;
			hasScannedForEncodings = 0;
			knownRegions = (
				en,
			);
			mainGroup = 53FB6A8817416AD5008B6C3E;
			productRefGroup = 53FB6A9217416AD5008B6C3E /* Products */;
			projectDirPath = "";
			projectRoot = "";
			targets = (
				53FB6A9017416AD5008B6C3E /* transmitter */,
			);
		};
/* End PBXProject section */

/* Begin PBXResourcesBuildPhase section */
		53FB6A8F17416AD5008B6C3E /* Resources */ = {
			isa = PBXResourcesBuildPhase;
			buildActionMask = 2147483647;
			files = (
				53FB6A9F17416AD5008B6C3E /* InfoPlist.strings in Resources */,
				53FB6AA717416AD5008B6C3E /* Default.png in Resources */,
				53FB6AA917416AD5008B6C3E /* Default@2x.png in Resources */,
				53FB6AAB17416AD5008B6C3E /* Default-568h@2x.png in Resources */,
				53FB6AAE17416AD5008B6C3E /* MainStoryboard.storyboard in Resources */,
				531759861742EAAF00C9EFD7 /* pair.png in Resources */,
				531759871742EAAF00C9EFD7 /* pair@2x.png in Resources */,
				5317598E1742EDFF00C9EFD7 /* pentagon.png in Resources */,
				5317598F1742EDFF00C9EFD7 /* pentagon@2x.png in Resources */,
				531759921742EFA500C9EFD7 /* unpair.png in Resources */,
				531759931742EFA500C9EFD7 /* unpair@2x.png in Resources */,
				531759961742F01800C9EFD7 /* cancel-pairing.png in Resources */,
				531759971742F01800C9EFD7 /* cancel-pairing@2x.png in Resources */,
				5317599F1742F27C00C9EFD7 /* Icon.png in Resources */,
				531759A01742F27C00C9EFD7 /* Icon@2x.png in Resources */,
			);
			runOnlyForDeploymentPostprocessing = 0;
		};
/* End PBXResourcesBuildPhase section */

/* Begin PBXShellScriptBuildPhase section */
		0DB02C71F91E4AB8AE331A48 /* Check Pods Manifest.lock */ = {
			isa = PBXShellScriptBuildPhase;
			buildActionMask = 2147483647;
			files = (
			);
			inputPaths = (
			);
			name = "Check Pods Manifest.lock";
			outputPaths = (
			);
			runOnlyForDeploymentPostprocessing = 0;
			shellPath = /bin/sh;
			shellScript = "diff \"${PODS_ROOT}/../Podfile.lock\" \"${PODS_ROOT}/Manifest.lock\" > /dev/null\nif [[ $? != 0 ]] ; then\n    cat << EOM\nerror: The sandbox is not in sync with the Podfile.lock. Run 'pod install' or update your CocoaPods installation.\nEOM\n    exit 1\nfi\n";
		};
		97EA79CE416C4ED88AE0ED94 /* Copy Pods Resources */ = {
			isa = PBXShellScriptBuildPhase;
			buildActionMask = 2147483647;
			files = (
			);
			inputPaths = (
			);
			name = "Copy Pods Resources";
			outputPaths = (
			);
			runOnlyForDeploymentPostprocessing = 0;
			shellPath = /bin/sh;
			shellScript = "\"${SRCROOT}/Pods/Pods-resources.sh\"\n";
		};
/* End PBXShellScriptBuildPhase section */

/* Begin PBXSourcesBuildPhase section */
		53FB6A8D17416AD5008B6C3E /* Sources */ = {
			isa = PBXSourcesBuildPhase;
			buildActionMask = 2147483647;
			files = (
				53FB6AA117416AD5008B6C3E /* main.m in Sources */,
				53FB6AA517416AD5008B6C3E /* TransmitterAppDelegate.m in Sources */,
				53FB6AB117416AD5008B6C3E /* TransmitterViewController.m in Sources */,
			);
			runOnlyForDeploymentPostprocessing = 0;
		};
/* End PBXSourcesBuildPhase section */

/* Begin PBXVariantGroup section */
		53FB6A9D17416AD5008B6C3E /* InfoPlist.strings */ = {
			isa = PBXVariantGroup;
			children = (
				53FB6A9E17416AD5008B6C3E /* en */,
			);
			name = InfoPlist.strings;
			sourceTree = "<group>";
		};
		53FB6AAC17416AD5008B6C3E /* MainStoryboard.storyboard */ = {
			isa = PBXVariantGroup;
			children = (
				53FB6AAD17416AD5008B6C3E /* en */,
			);
			name = MainStoryboard.storyboard;
			sourceTree = "<group>";
		};
/* End PBXVariantGroup section */

/* Begin XCBuildConfiguration section */
		53FB6AB217416AD5008B6C3E /* Debug */ = {
			isa = XCBuildConfiguration;
			buildSettings = {
				ALWAYS_SEARCH_USER_PATHS = NO;
				CLANG_CXX_LANGUAGE_STANDARD = "gnu++0x";
				CLANG_CXX_LIBRARY = "libc++";
				CLANG_ENABLE_OBJC_ARC = YES;
				CLANG_WARN_CONSTANT_CONVERSION = YES;
				CLANG_WARN_EMPTY_BODY = YES;
				CLANG_WARN_ENUM_CONVERSION = YES;
				CLANG_WARN_INT_CONVERSION = YES;
				CLANG_WARN__DUPLICATE_METHOD_MATCH = YES;
				"CODE_SIGN_IDENTITY[sdk=iphoneos*]" = "iPhone Developer";
				COPY_PHASE_STRIP = NO;
				GCC_C_LANGUAGE_STANDARD = gnu99;
				GCC_DYNAMIC_NO_PIC = NO;
				GCC_OPTIMIZATION_LEVEL = 0;
				GCC_PREPROCESSOR_DEFINITIONS = (
					"DEBUG=1",
					"$(inherited)",
				);
				GCC_SYMBOLS_PRIVATE_EXTERN = NO;
				GCC_WARN_ABOUT_RETURN_TYPE = YES;
				GCC_WARN_UNINITIALIZED_AUTOS = YES;
				GCC_WARN_UNUSED_VARIABLE = YES;
				IPHONEOS_DEPLOYMENT_TARGET = 6.1;
				ONLY_ACTIVE_ARCH = YES;
				SDKROOT = iphoneos;
			};
			name = Debug;
		};
		53FB6AB317416AD5008B6C3E /* Release */ = {
			isa = XCBuildConfiguration;
			buildSettings = {
				ALWAYS_SEARCH_USER_PATHS = NO;
				CLANG_CXX_LANGUAGE_STANDARD = "gnu++0x";
				CLANG_CXX_LIBRARY = "libc++";
				CLANG_ENABLE_OBJC_ARC = YES;
				CLANG_WARN_CONSTANT_CONVERSION = YES;
				CLANG_WARN_EMPTY_BODY = YES;
				CLANG_WARN_ENUM_CONVERSION = YES;
				CLANG_WARN_INT_CONVERSION = YES;
				CLANG_WARN__DUPLICATE_METHOD_MATCH = YES;
				"CODE_SIGN_IDENTITY[sdk=iphoneos*]" = "iPhone Developer";
				COPY_PHASE_STRIP = YES;
				GCC_C_LANGUAGE_STANDARD = gnu99;
				GCC_WARN_ABOUT_RETURN_TYPE = YES;
				GCC_WARN_UNINITIALIZED_AUTOS = YES;
				GCC_WARN_UNUSED_VARIABLE = YES;
				IPHONEOS_DEPLOYMENT_TARGET = 6.1;
				OTHER_CFLAGS = "-DNS_BLOCK_ASSERTIONS=1";
				SDKROOT = iphoneos;
				VALIDATE_PRODUCT = YES;
			};
			name = Release;
		};
		53FB6AB517416AD5008B6C3E /* Debug */ = {
			isa = XCBuildConfiguration;
			baseConfigurationReference = 39256156075A4872B2AF6AAC /* Pods.xcconfig */;
			buildSettings = {
				GCC_PRECOMPILE_PREFIX_HEADER = YES;
				GCC_PREFIX_HEADER = "transmitter/transmitter-Prefix.pch";
				INFOPLIST_FILE = "transmitter/transmitter-Info.plist";
				PRODUCT_NAME = "$(TARGET_NAME)";
				WRAPPER_EXTENSION = app;
			};
			name = Debug;
		};
		53FB6AB617416AD5008B6C3E /* Release */ = {
			isa = XCBuildConfiguration;
			baseConfigurationReference = 39256156075A4872B2AF6AAC /* Pods.xcconfig */;
			buildSettings = {
				CODE_SIGN_IDENTITY = "iPhone Distribution";
				"CODE_SIGN_IDENTITY[sdk=iphoneos*]" = "iPhone Distribution";
				GCC_PRECOMPILE_PREFIX_HEADER = YES;
				GCC_PREFIX_HEADER = "transmitter/transmitter-Prefix.pch";
				INFOPLIST_FILE = "transmitter/transmitter-Info.plist";
				PRODUCT_NAME = "$(TARGET_NAME)";
				PROVISIONING_PROFILE = "";
				"PROVISIONING_PROFILE[sdk=iphoneos*]" = "";
				WRAPPER_EXTENSION = app;
			};
			name = Release;
		};
/* End XCBuildConfiguration section */

/* Begin XCConfigurationList section */
		53FB6A8C17416AD5008B6C3E /* Build configuration list for PBXProject "transmitter" */ = {
			isa = XCConfigurationList;
			buildConfigurations = (
				53FB6AB217416AD5008B6C3E /* Debug */,
				53FB6AB317416AD5008B6C3E /* Release */,
			);
			defaultConfigurationIsVisible = 0;
			defaultConfigurationName = Release;
		};
		53FB6AB417416AD5008B6C3E /* Build configuration list for PBXNativeTarget "transmitter" */ = {
			isa = XCConfigurationList;
			buildConfigurations = (
				53FB6AB517416AD5008B6C3E /* Debug */,
				53FB6AB617416AD5008B6C3E /* Release */,
			);
			defaultConfigurationIsVisible = 0;
			defaultConfigurationName = Release;
		};
/* End XCConfigurationList section */
	};
	rootObject = 53FB6A8917416AD5008B6C3E /* Project object */;
}
